
Microsoft Visual Studio Solution File, Format Version 12.00
# Visual Studio Version 16
VisualStudioVersion = 16.0.31205.134
MinimumVisualStudioVersion = 10.0.40219.1
Project("{FAE04EC0-301F-11D3-BF4B-00C04F79EFBC}") = "Bank", "Bank\Bank.csproj", "{691AF7D3-3959-4150-B977-5660AF8ECAD8}"
EndProject
Global
	GlobalSection(SolutionConfigurationPlatforms) = preSolution
		Debug|Any CPU = Debug|Any CPU
		Release|Any CPU = Release|Any CPU
	EndGlobalSection
	GlobalSection(ProjectConfigurationPlatforms) = postSolution
		{691AF7D3-3959-4150-B977-5660AF8ECAD8}.Debug|Any CPU.ActiveCfg = Debug|Any CPU
		{691AF7D3-3959-4150-B977-5660AF8ECAD8}.Debug|Any CPU.Build.0 = Debug|Any CPU
		{691AF7D3-3959-4150-B977-5660AF8ECAD8}.Release|Any CPU.ActiveCfg = Release|Any CPU
		{691AF7D3-3959-4150-B977-5660AF8ECAD8}.Release|Any CPU.Build.0 = Release|Any CPU
	EndGlobalSection
	GlobalSection(SolutionProperties) = preSolution
		HideSolutionNode = FALSE
	EndGlobalSection
	GlobalSection(ExtensibilityGlobals) = postSolution
		SolutionGuid = {3B5E40BD-83AF-412E-9523-AB2E6B7D9107}
	EndGlobalSection
EndGlobal
