
Microsoft Visual Studio Solution File, Format Version 12.00
# Visual Studio Version 16
VisualStudioVersion = 16.0.31205.134
MinimumVisualStudioVersion = 10.0.40219.1
Project("{FAE04EC0-301F-11D3-BF4B-00C04F79EFBC}") = "MultipleOfIndex", "MultipleOfIndex\MultipleOfIndex.csproj", "{C917C3E6-4F96-44B7-A591-BA53EBB469F3}"
EndProject
Project("{FAE04EC0-301F-11D3-BF4B-00C04F79EFBC}") = "Test", "Test\Test.csproj", "{7C1E236A-2F76-4342-AB8A-2691AD1925B0}"
	ProjectSection(ProjectDependencies) = postProject
		{C917C3E6-4F96-44B7-A591-BA53EBB469F3} = {C917C3E6-4F96-44B7-A591-BA53EBB469F3}
	EndProjectSection
EndProject
Global
	GlobalSection(SolutionConfigurationPlatforms) = preSolution
		Debug|Any CPU = Debug|Any CPU
		Release|Any CPU = Release|Any CPU
	EndGlobalSection
	GlobalSection(ProjectConfigurationPlatforms) = postSolution
		{C917C3E6-4F96-44B7-A591-BA53EBB469F3}.Debug|Any CPU.ActiveCfg = Debug|Any CPU
		{C917C3E6-4F96-44B7-A591-BA53EBB469F3}.Debug|Any CPU.Build.0 = Debug|Any CPU
		{C917C3E6-4F96-44B7-A591-BA53EBB469F3}.Release|Any CPU.ActiveCfg = Release|Any CPU
		{C917C3E6-4F96-44B7-A591-BA53EBB469F3}.Release|Any CPU.Build.0 = Release|Any CPU
		{7C1E236A-2F76-4342-AB8A-2691AD1925B0}.Debug|Any CPU.ActiveCfg = Debug|Any CPU
		{7C1E236A-2F76-4342-AB8A-2691AD1925B0}.Debug|Any CPU.Build.0 = Debug|Any CPU
		{7C1E236A-2F76-4342-AB8A-2691AD1925B0}.Release|Any CPU.ActiveCfg = Release|Any CPU
		{7C1E236A-2F76-4342-AB8A-2691AD1925B0}.Release|Any CPU.Build.0 = Release|Any CPU
	EndGlobalSection
	GlobalSection(SolutionProperties) = preSolution
		HideSolutionNode = FALSE
	EndGlobalSection
	GlobalSection(ExtensibilityGlobals) = postSolution
		SolutionGuid = {6A2C2C74-452F-40BA-8917-F213B40738E3}
	EndGlobalSection
EndGlobal
