
Microsoft Visual Studio Solution File, Format Version 12.00
# Visual Studio Version 16
VisualStudioVersion = 16.0.31205.134
MinimumVisualStudioVersion = 10.0.40219.1
Project("{FAE04EC0-301F-11D3-BF4B-00C04F79EFBC}") = "ReturningString", "ReturningString\ReturningString.csproj", "{FE56D47C-CDFF-47F4-8758-65DE283D12D7}"
EndProject
Project("{FAE04EC0-301F-11D3-BF4B-00C04F79EFBC}") = "Test", "Test\Test.csproj", "{055B9590-F940-46B1-9093-267D36DE2B51}"
	ProjectSection(ProjectDependencies) = postProject
		{FE56D47C-CDFF-47F4-8758-65DE283D12D7} = {FE56D47C-CDFF-47F4-8758-65DE283D12D7}
	EndProjectSection
EndProject
Global
	GlobalSection(SolutionConfigurationPlatforms) = preSolution
		Debug|Any CPU = Debug|Any CPU
		Release|Any CPU = Release|Any CPU
	EndGlobalSection
	GlobalSection(ProjectConfigurationPlatforms) = postSolution
		{FE56D47C-CDFF-47F4-8758-65DE283D12D7}.Debug|Any CPU.ActiveCfg = Debug|Any CPU
		{FE56D47C-CDFF-47F4-8758-65DE283D12D7}.Debug|Any CPU.Build.0 = Debug|Any CPU
		{FE56D47C-CDFF-47F4-8758-65DE283D12D7}.Release|Any CPU.ActiveCfg = Release|Any CPU
		{FE56D47C-CDFF-47F4-8758-65DE283D12D7}.Release|Any CPU.Build.0 = Release|Any CPU
		{055B9590-F940-46B1-9093-267D36DE2B51}.Debug|Any CPU.ActiveCfg = Debug|Any CPU
		{055B9590-F940-46B1-9093-267D36DE2B51}.Debug|Any CPU.Build.0 = Debug|Any CPU
		{055B9590-F940-46B1-9093-267D36DE2B51}.Release|Any CPU.ActiveCfg = Release|Any CPU
		{055B9590-F940-46B1-9093-267D36DE2B51}.Release|Any CPU.Build.0 = Release|Any CPU
	EndGlobalSection
	GlobalSection(SolutionProperties) = preSolution
		HideSolutionNode = FALSE
	EndGlobalSection
	GlobalSection(ExtensibilityGlobals) = postSolution
		SolutionGuid = {B5BDAA8A-A163-4656-A0C6-BB086FF725CE}
	EndGlobalSection
EndGlobal
